
Microsoft Visual Studio Solution File, Format Version 11.00
# Visual Studio 2010
Project("{FAE04EC0-301F-11D3-BF4B-00C04F79EFBC}") = "Chaquotay.PropertyAccess", "Chaquotay.PropertyAccess\Chaquotay.PropertyAccess.csproj", "{3901EEE5-646D-4E55-9EEB-8AFDEC20348C}"
EndProject
Project("{2150E333-8FDC-42A3-9474-1A3956D46DE8}") = "Solution Items", "Solution Items", "{F089894F-51A0-4395-A3C8-E647AA204ECC}"
	ProjectSection(SolutionItems) = preProject
		README.md = README.md
	EndProjectSection
EndProject
Global
	GlobalSection(SolutionConfigurationPlatforms) = preSolution
		Debug|Any CPU = Debug|Any CPU
		Release|Any CPU = Release|Any CPU
	EndGlobalSection
	GlobalSection(ProjectConfigurationPlatforms) = postSolution
		{3901EEE5-646D-4E55-9EEB-8AFDEC20348C}.Debug|Any CPU.ActiveCfg = Debug|Any CPU
		{3901EEE5-646D-4E55-9EEB-8AFDEC20348C}.Debug|Any CPU.Build.0 = Debug|Any CPU
		{3901EEE5-646D-4E55-9EEB-8AFDEC20348C}.Release|Any CPU.ActiveCfg = Release|Any CPU
		{3901EEE5-646D-4E55-9EEB-8AFDEC20348C}.Release|Any CPU.Build.0 = Release|Any CPU
	EndGlobalSection
	GlobalSection(SolutionProperties) = preSolution
		HideSolutionNode = FALSE
	EndGlobalSection
EndGlobal
